
Microsoft Visual Studio Solution File, Format Version 12.00
# Visual Studio Express 2012 for Windows Desktop
Project("{F184B08F-C81C-45F6-A57F-5ABD9991F28F}") = "Collatz Conjecture", "Collatz Conjecture\Collatz Conjecture.vbproj", "{62F22C06-D80C-4833-BBA8-0D84E07D0B88}"
EndProject
Global
	GlobalSection(SolutionConfigurationPlatforms) = preSolution
		Debug|Any CPU = Debug|Any CPU
		Release|Any CPU = Release|Any CPU
	EndGlobalSection
	GlobalSection(ProjectConfigurationPlatforms) = postSolution
		{62F22C06-D80C-4833-BBA8-0D84E07D0B88}.Debug|Any CPU.ActiveCfg = Debug|Any CPU
		{62F22C06-D80C-4833-BBA8-0D84E07D0B88}.Debug|Any CPU.Build.0 = Debug|Any CPU
		{62F22C06-D80C-4833-BBA8-0D84E07D0B88}.Release|Any CPU.ActiveCfg = Release|Any CPU
		{62F22C06-D80C-4833-BBA8-0D84E07D0B88}.Release|Any CPU.Build.0 = Release|Any CPU
	EndGlobalSection
	GlobalSection(SolutionProperties) = preSolution
		HideSolutionNode = FALSE
	EndGlobalSection
EndGlobal
